// !$*UTF8*$!
{
	archiveVersion = 1;
	classes = {
	};
	objectVersion = 50;
	objects = {

/* Begin PBXBuildFile section */
		69BDEBDA22ADFDC2007308A9 /* customHeaderViewo+TableViewController.m in Sources */ = {isa = PBXBuildFile; fileRef = 69BDEBD922ADFDC2007308A9 /* customHeaderViewo+TableViewController.m */; };
		EF9372C82216565500C06DB4 /* AppDelegate.m in Sources */ = {isa = PBXBuildFile; fileRef = EF9372C72216565500C06DB4 /* AppDelegate.m */; };
		EF9372CB2216565500C06DB4 /* MasterViewController.m in Sources */ = {isa = PBXBuildFile; fileRef = EF9372CA2216565500C06DB4 /* MasterViewController.m */; };
		EF9372CE2216565500C06DB4 /* DetailViewController.m in Sources */ = {isa = PBXBuildFile; fileRef = EF9372CD2216565500C06DB4 /* DetailViewController.m */; };
		EF9372D12216565500C06DB4 /* Main.storyboard in Resources */ = {isa = PBXBuildFile; fileRef = EF9372CF2216565500C06DB4 /* Main.storyboard */; };
		EF9372D32216565A00C06DB4 /* Assets.xcassets in Resources */ = {isa = PBXBuildFile; fileRef = EF9372D22216565A00C06DB4 /* Assets.xcassets */; };
		EF9372D62216565A00C06DB4 /* LaunchScreen.storyboard in Resources */ = {isa = PBXBuildFile; fileRef = EF9372D42216565A00C06DB4 /* LaunchScreen.storyboard */; };
		EF9372D92216565A00C06DB4 /* main.m in Sources */ = {isa = PBXBuildFile; fileRef = EF9372D82216565A00C06DB4 /* main.m */; };
/* End PBXBuildFile section */

/* Begin PBXFileReference section */
		69BDEBD822ADFDC2007308A9 /* customHeaderViewo+TableViewController.h */ = {isa = PBXFileReference; lastKnownFileType = sourcecode.c.h; path = "customHeaderViewo+TableViewController.h"; sourceTree = "<group>"; };
		69BDEBD922ADFDC2007308A9 /* customHeaderViewo+TableViewController.m */ = {isa = PBXFileReference; lastKnownFileType = sourcecode.c.objc; path = "customHeaderViewo+TableViewController.m"; sourceTree = "<group>"; };
		EF9372C32216565500C06DB4 /* customTableviewDemo.app */ = {isa = PBXFileReference; explicitFileType = wrapper.application; includeInIndex = 0; path = customTableviewDemo.app; sourceTree = BUILT_PRODUCTS_DIR; };
		EF9372C62216565500C06DB4 /* AppDelegate.h */ = {isa = PBXFileReference; lastKnownFileType = sourcecode.c.h; path = AppDelegate.h; sourceTree = "<group>"; };
		EF9372C72216565500C06DB4 /* AppDelegate.m */ = {isa = PBXFileReference; lastKnownFileType = sourcecode.c.objc; path = AppDelegate.m; sourceTree = "<group>"; };
		EF9372C92216565500C06DB4 /* MasterViewController.h */ = {isa = PBXFileReference; lastKnownFileType = sourcecode.c.h; path = MasterViewController.h; sourceTree = "<group>"; };
		EF9372CA2216565500C06DB4 /* MasterViewController.m */ = {isa = PBXFileReference; lastKnownFileType = sourcecode.c.objc; path = MasterViewController.m; sourceTree = "<group>"; };
		EF9372CC2216565500C06DB4 /* DetailViewController.h */ = {isa = PBXFileReference; lastKnownFileType = sourcecode.c.h; path = DetailViewController.h; sourceTree = "<group>"; };
		EF9372CD2216565500C06DB4 /* DetailViewController.m */ = {isa = PBXFileReference; lastKnownFileType = sourcecode.c.objc; path = DetailViewController.m; sourceTree = "<group>"; };
		EF9372D02216565500C06DB4 /* Base */ = {isa = PBXFileReference; lastKnownFileType = file.storyboard; name = Base; path = Base.lproj/Main.storyboard; sourceTree = "<group>"; };
		EF9372D22216565A00C06DB4 /* Assets.xcassets */ = {isa = PBXFileReference; lastKnownFileType = folder.assetcatalog; path = Assets.xcassets; sourceTree = "<group>"; };
		EF9372D52216565A00C06DB4 /* Base */ = {isa = PBXFileReference; lastKnownFileType = file.storyboard; name = Base; path = Base.lproj/LaunchScreen.storyboard; sourceTree = "<group>"; };
		EF9372D72216565A00C06DB4 /* Info.plist */ = {isa = PBXFileReference; lastKnownFileType = text.plist.xml; path = Info.plist; sourceTree = "<group>"; };
		EF9372D82216565A00C06DB4 /* main.m */ = {isa = PBXFileReference; lastKnownFileType = sourcecode.c.objc; path = main.m; sourceTree = "<group>"; };
/* End PBXFileReference section */

/* Begin PBXFrameworksBuildPhase section */
		EF9372C02216565500C06DB4 /* Frameworks */ = {
			isa = PBXFrameworksBuildPhase;
			buildActionMask = 2147483647;
			files = (
			);
			runOnlyForDeploymentPostprocessing = 0;
		};
/* End PBXFrameworksBuildPhase section */

/* Begin PBXGroup section */
		EF9372BA2216565500C06DB4 = {
			isa = PBXGroup;
			children = (
				EF9372C52216565500C06DB4 /* customTableviewDemo */,
				EF9372C42216565500C06DB4 /* Products */,
			);
			sourceTree = "<group>";
		};
		EF9372C42216565500C06DB4 /* Products */ = {
			isa = PBXGroup;
			children = (
				EF9372C32216565500C06DB4 /* customTableviewDemo.app */,
			);
			name = Products;
			sourceTree = "<group>";
		};
		EF9372C52216565500C06DB4 /* customTableviewDemo */ = {
			isa = PBXGroup;
			children = (
				EF9372C62216565500C06DB4 /* AppDelegate.h */,
				EF9372C72216565500C06DB4 /* AppDelegate.m */,
				69BDEBD822ADFDC2007308A9 /* customHeaderViewo+TableViewController.h */,
				69BDEBD922ADFDC2007308A9 /* customHeaderViewo+TableViewController.m */,
				EF9372C92216565500C06DB4 /* MasterViewController.h */,
				EF9372CA2216565500C06DB4 /* MasterViewController.m */,
				EF9372CC2216565500C06DB4 /* DetailViewController.h */,
				EF9372CD2216565500C06DB4 /* DetailViewController.m */,
				EF9372CF2216565500C06DB4 /* Main.storyboard */,
				EF9372D22216565A00C06DB4 /* Assets.xcassets */,
				EF9372D42216565A00C06DB4 /* LaunchScreen.storyboard */,
				EF9372D72216565A00C06DB4 /* Info.plist */,
				EF9372D82216565A00C06DB4 /* main.m */,
			);
			path = customTableviewDemo;
			sourceTree = "<group>";
		};
/* End PBXGroup section */

/* Begin PBXNativeTarget section */
		EF9372C22216565500C06DB4 /* customTableviewDemo */ = {
			isa = PBXNativeTarget;
			buildConfigurationList = EF9372DC2216565A00C06DB4 /* Build configuration list for PBXNativeTarget "customTableviewDemo" */;
			buildPhases = (
				EF9372BF2216565500C06DB4 /* Sources */,
				EF9372C02216565500C06DB4 /* Frameworks */,
				EF9372C12216565500C06DB4 /* Resources */,
			);
			buildRules = (
			);
			dependencies = (
			);
			name = customTableviewDemo;
			productName = customTableviewDemo;
			productReference = EF9372C32216565500C06DB4 /* customTableviewDemo.app */;
			productType = "com.apple.product-type.application";
		};
/* End PBXNativeTarget section */

/* Begin PBXProject section */
		EF9372BB2216565500C06DB4 /* Project object */ = {
			isa = PBXProject;
			attributes = {
				LastUpgradeCheck = 1010;
				ORGANIZATIONNAME = "杨 晓克";
				TargetAttributes = {
					EF9372C22216565500C06DB4 = {
						CreatedOnToolsVersion = 10.1;
					};
				};
			};
			buildConfigurationList = EF9372BE2216565500C06DB4 /* Build configuration list for PBXProject "customTableviewDemo" */;
			compatibilityVersion = "Xcode 9.3";
			developmentRegion = en;
			hasScannedForEncodings = 0;
			knownRegions = (
				en,
				Base,
			);
			mainGroup = EF9372BA2216565500C06DB4;
			productRefGroup = EF9372C42216565500C06DB4 /* Products */;
			projectDirPath = "";
			projectRoot = "";
			targets = (
				EF9372C22216565500C06DB4 /* customTableviewDemo */,
			);
		};
/* End PBXProject section */

/* Begin PBXResourcesBuildPhase section */
		EF9372C12216565500C06DB4 /* Resources */ = {
			isa = PBXResourcesBuildPhase;
			buildActionMask = 2147483647;
			files = (
				EF9372D62216565A00C06DB4 /* LaunchScreen.storyboard in Resources */,
				EF9372D32216565A00C06DB4 /* Assets.xcassets in Resources */,
				EF9372D12216565500C06DB4 /* Main.storyboard in Resources */,
			);
			runOnlyForDeploymentPostprocessing = 0;
		};
/* End PBXResourcesBuildPhase section */

/* Begin PBXSourcesBuildPhase section */
		EF9372BF2216565500C06DB4 /* Sources */ = {
			isa = PBXSourcesBuildPhase;
			buildActionMask = 2147483647;
			files = (
				EF9372CB2216565500C06DB4 /* MasterViewController.m in Sources */,
				EF9372C82216565500C06DB4 /* AppDelegate.m in Sources */,
				69BDEBDA22ADFDC2007308A9 /* customHeaderViewo+TableViewController.m in Sources */,
				EF9372D92216565A00C06DB4 /* main.m in Sources */,
				EF9372CE2216565500C06DB4 /* DetailViewController.m in Sources */,
			);
			runOnlyForDeploymentPostprocessing = 0;
		};
/* End PBXSourcesBuildPhase section */

/* Begin PBXVariantGroup section */
		EF9372CF2216565500C06DB4 /* Main.storyboard */ = {
			isa = PBXVariantGroup;
			children = (
				EF9372D02216565500C06DB4 /* Base */,
			);
			name = Main.storyboard;
			sourceTree = "<group>";
		};
		EF9372D42216565A00C06DB4 /* LaunchScreen.storyboard */ = {
			isa = PBXVariantGroup;
			children = (
				EF9372D52216565A00C06DB4 /* Base */,
			);
			name = LaunchScreen.storyboard;
			sourceTree = "<group>";
		};
/* End PBXVariantGroup section */

/* Begin XCBuildConfiguration section */
		EF9372DA2216565A00C06DB4 /* Debug */ = {
			isa = XCBuildConfiguration;
			buildSettings = {
				ALWAYS_SEARCH_USER_PATHS = NO;
				CLANG_ANALYZER_NONNULL = YES;
				CLANG_ANALYZER_NUMBER_OBJECT_CONVERSION = YES_AGGRESSIVE;
				CLANG_CXX_LANGUAGE_STANDARD = "gnu++14";
				CLANG_CXX_LIBRARY = "libc++";
				CLANG_ENABLE_MODULES = YES;
				CLANG_ENABLE_OBJC_ARC = YES;
				CLANG_ENABLE_OBJC_WEAK = YES;
				CLANG_WARN_BLOCK_CAPTURE_AUTORELEASING = YES;
				CLANG_WARN_BOOL_CONVERSION = YES;
				CLANG_WARN_COMMA = YES;
				CLANG_WARN_CONSTANT_CONVERSION = YES;
				CLANG_WARN_DEPRECATED_OBJC_IMPLEMENTATIONS = YES;
				CLANG_WARN_DIRECT_OBJC_ISA_USAGE = YES_ERROR;
				CLANG_WARN_DOCUMENTATION_COMMENTS = YES;
				CLANG_WARN_EMPTY_BODY = YES;
				CLANG_WARN_ENUM_CONVERSION = YES;
				CLANG_WARN_INFINITE_RECURSION = YES;
				CLANG_WARN_INT_CONVERSION = YES;
				CLANG_WARN_NON_LITERAL_NULL_CONVERSION = YES;
				CLANG_WARN_OBJC_IMPLICIT_RETAIN_SELF = YES;
				CLANG_WARN_OBJC_LITERAL_CONVERSION = YES;
				CLANG_WARN_OBJC_ROOT_CLASS = YES_ERROR;
				CLANG_WARN_RANGE_LOOP_ANALYSIS = YES;
				CLANG_WARN_STRICT_PROTOTYPES = YES;
				CLANG_WARN_SUSPICIOUS_MOVE = YES;
				CLANG_WARN_UNGUARDED_AVAILABILITY = YES_AGGRESSIVE;
				CLANG_WARN_UNREACHABLE_CODE = YES;
				CLANG_WARN__DUPLICATE_METHOD_MATCH = YES;
				CODE_SIGN_IDENTITY = "iPhone Developer";
				COPY_PHASE_STRIP = NO;
				DEBUG_INFORMATION_FORMAT = dwarf;
				ENABLE_STRICT_OBJC_MSGSEND = YES;
				ENABLE_TESTABILITY = YES;
				GCC_C_LANGUAGE_STANDARD = gnu11;
				GCC_DYNAMIC_NO_PIC = NO;
				GCC_NO_COMMON_BLOCKS = YES;
				GCC_OPTIMIZATION_LEVEL = 0;
				GCC_PREPROCESSOR_DEFINITIONS = (
					"DEBUG=1",
					"$(inherited)",
				);
				GCC_WARN_64_TO_32_BIT_CONVERSION = YES;
				GCC_WARN_ABOUT_RETURN_TYPE = YES_ERROR;
				GCC_WARN_UNDECLARED_SELECTOR = YES;
				GCC_WARN_UNINITIALIZED_AUTOS = YES_AGGRESSIVE;
				GCC_WARN_UNUSED_FUNCTION = YES;
				GCC_WARN_UNUSED_VARIABLE = YES;
				IPHONEOS_DEPLOYMENT_TARGET = 12.1;
				MTL_ENABLE_DEBUG_INFO = INCLUDE_SOURCE;
				MTL_FAST_MATH = YES;
				ONLY_ACTIVE_ARCH = YES;
				SDKROOT = iphoneos;
			};
			name = Debug;
		};
		EF9372DB2216565A00C06DB4 /* Release */ = {
			isa = XCBuildConfiguration;
			buildSettings = {
				ALWAYS_SEARCH_USER_PATHS = NO;
				CLANG_ANALYZER_NONNULL = YES;
				CLANG_ANALYZER_NUMBER_OBJECT_CONVERSION = YES_AGGRESSIVE;
				CLANG_CXX_LANGUAGE_STANDARD = "gnu++14";
				CLANG_CXX_LIBRARY = "libc++";
				CLANG_ENABLE_MODULES = YES;
				CLANG_ENABLE_OBJC_ARC = YES;
				CLANG_ENABLE_OBJC_WEAK = YES;
				CLANG_WARN_BLOCK_CAPTURE_AUTORELEASING = YES;
				CLANG_WARN_BOOL_CONVERSION = YES;
				CLANG_WARN_COMMA = YES;
				CLANG_WARN_CONSTANT_CONVERSION = YES;
				CLANG_WARN_DEPRECATED_OBJC_IMPLEMENTATIONS = YES;
				CLANG_WARN_DIRECT_OBJC_ISA_USAGE = YES_ERROR;
				CLANG_WARN_DOCUMENTATION_COMMENTS = YES;
				CLANG_WARN_EMPTY_BODY = YES;
				CLANG_WARN_ENUM_CONVERSION = YES;
				CLANG_WARN_INFINITE_RECURSION = YES;
				CLANG_WARN_INT_CONVERSION = YES;
				CLANG_WARN_NON_LITERAL_NULL_CONVERSION = YES;
				CLANG_WARN_OBJC_IMPLICIT_RETAIN_SELF = YES;
				CLANG_WARN_OBJC_LITERAL_CONVERSION = YES;
				CLANG_WARN_OBJC_ROOT_CLASS = YES_ERROR;
				CLANG_WARN_RANGE_LOOP_ANALYSIS = YES;
				CLANG_WARN_STRICT_PROTOTYPES = YES;
				CLANG_WARN_SUSPICIOUS_MOVE = YES;
				CLANG_WARN_UNGUARDED_AVAILABILITY = YES_AGGRESSIVE;
				CLANG_WARN_UNREACHABLE_CODE = YES;
				CLANG_WARN__DUPLICATE_METHOD_MATCH = YES;
				CODE_SIGN_IDENTITY = "iPhone Developer";
				COPY_PHASE_STRIP = NO;
				DEBUG_INFORMATION_FORMAT = "dwarf-with-dsym";
				ENABLE_NS_ASSERTIONS = NO;
				ENABLE_STRICT_OBJC_MSGSEND = YES;
				GCC_C_LANGUAGE_STANDARD = gnu11;
				GCC_NO_COMMON_BLOCKS = YES;
				GCC_WARN_64_TO_32_BIT_CONVERSION = YES;
				GCC_WARN_ABOUT_RETURN_TYPE = YES_ERROR;
				GCC_WARN_UNDECLARED_SELECTOR = YES;
				GCC_WARN_UNINITIALIZED_AUTOS = YES_AGGRESSIVE;
				GCC_WARN_UNUSED_FUNCTION = YES;
				GCC_WARN_UNUSED_VARIABLE = YES;
				IPHONEOS_DEPLOYMENT_TARGET = 12.1;
				MTL_ENABLE_DEBUG_INFO = NO;
				MTL_FAST_MATH = YES;
				SDKROOT = iphoneos;
				VALIDATE_PRODUCT = YES;
			};
			name = Release;
		};
		EF9372DD2216565A00C06DB4 /* Debug */ = {
			isa = XCBuildConfiguration;
			buildSettings = {
				ASSETCATALOG_COMPILER_APPICON_NAME = AppIcon;
				CODE_SIGN_STYLE = Automatic;
				DEVELOPMENT_TEAM = VQ46WEL673;
				INFOPLIST_FILE = customTableviewDemo/Info.plist;
				IPHONEOS_DEPLOYMENT_TARGET = 12.1;
				LD_RUNPATH_SEARCH_PATHS = (
					"$(inherited)",
					"@executable_path/Frameworks",
				);
				PRODUCT_BUNDLE_IDENTIFIER = com.jayyang.customTableviewDemo;
				PRODUCT_NAME = "$(TARGET_NAME)";
				TARGETED_DEVICE_FAMILY = "1,2";
			};
			name = Debug;
		};
		EF9372DE2216565A00C06DB4 /* Release */ = {
			isa = XCBuildConfiguration;
			buildSettings = {
				ASSETCATALOG_COMPILER_APPICON_NAME = AppIcon;
				CODE_SIGN_STYLE = Automatic;
				DEVELOPMENT_TEAM = VQ46WEL673;
				INFOPLIST_FILE = customTableviewDemo/Info.plist;
				IPHONEOS_DEPLOYMENT_TARGET = 12.1;
				LD_RUNPATH_SEARCH_PATHS = (
					"$(inherited)",
					"@executable_path/Frameworks",
				);
				PRODUCT_BUNDLE_IDENTIFIER = com.jayyang.customTableviewDemo;
				PRODUCT_NAME = "$(TARGET_NAME)";
				TARGETED_DEVICE_FAMILY = "1,2";
			};
			name = Release;
		};
/* End XCBuildConfiguration section */

/* Begin XCConfigurationList section */
		EF9372BE2216565500C06DB4 /* Build configuration list for PBXProject "customTableviewDemo" */ = {
			isa = XCConfigurationList;
			buildConfigurations = (
				EF9372DA2216565A00C06DB4 /* Debug */,
				EF9372DB2216565A00C06DB4 /* Release */,
			);
			defaultConfigurationIsVisible = 0;
			defaultConfigurationName = Release;
		};
		EF9372DC2216565A00C06DB4 /* Build configuration list for PBXNativeTarget "customTableviewDemo" */ = {
			isa = XCConfigurationList;
			buildConfigurations = (
				EF9372DD2216565A00C06DB4 /* Debug */,
				EF9372DE2216565A00C06DB4 /* Release */,
			);
			defaultConfigurationIsVisible = 0;
			defaultConfigurationName = Release;
		};
/* End XCConfigurationList section */
	};
	rootObject = EF9372BB2216565500C06DB4 /* Project object */;
}
